Microsoft Visual Studio Solution File, Format Version 12.00
# Visual Studio Version 17
VisualStudioVersion = 17.0.31717.71
MinimumVisualStudioVersion = 10.0.40219.1
Project("{9A19103F-16F7-4668-BE54-9A1E7A4F7556}") = "Verdure.Blazor", "src\Verdure.Blazor\Verdure.Blazor.csproj", "{8530C335-6B05-4D78-A91E-3B5731270215}"
EndProject
Global
	GlobalSection(SolutionConfigurationPlatforms) = preSolution
		Debug|Any CPU = Debug|Any CPU
		Release|Any CPU = Release|Any CPU
	EndGlobalSection
	GlobalSection(ProjectConfigurationPlatforms) = postSolution
		{8530C335-6B05-4D78-A91E-3B5731270215}.Debug|Any CPU.ActiveCfg = Debug|Any CPU
		{8530C335-6B05-4D78-A91E-3B5731270215}.Debug|Any CPU.Build.0 = Debug|Any CPU
		{8530C335-6B05-4D78-A91E-3B5731270215}.Release|Any CPU.ActiveCfg = Release|Any CPU
		{8530C335-6B05-4D78-A91E-3B5731270215}.Release|Any CPU.Build.0 = Release|Any CPU
	EndGlobalSection
	GlobalSection(SolutionProperties) = preSolution
		HideSolutionNode = FALSE
	EndGlobalSection
	GlobalSection(ExtensibilityGlobals) = postSolution
		SolutionGuid = {48ACD0B4-A9DD-4EBA-BDDF-03D17307768D}
	EndGlobalSection
EndGlobal
